<Solution>
  <Folder Name="/src/" />
  <Folder Name="/src/BuildingBlocks/">
    <Project Path="src/BuildingBlocks/PlantOps.BuildingBlocks.Infrastructure/PlantOps.BuildingBlocks.Infrastructure.csproj" />
    <Project Path="src/BuildingBlocks/PlantOps.SharedKernel/PlantOps.SharedKernel.csproj" />
  </Folder>
  <Folder Name="/src/Host/">
    <Project Path="src/Modules/Assets/PlantOps.Modules.Assets.Contracts/PlantOps.Modules.Assets.Contracts.csproj" />
    <Project Path="src/Modules/Assets/PlantOps.Modules.Assets/PlantOps.Modules.Assets.csproj" />
    <Project Path="src/Modules/Identity/PlantOps.Modules.Identity.Contracts/PlantOps.Modules.Identity.Contracts.csproj" />
    <Project Path="src/Modules/Identity/PlantOps.Modules.Identity/PlantOps.Modules.Identity.csproj" />
    <Project Path="src/Modules/Inventory/PlantOps.Modules.Inventory.Contracts/PlantOps.Modules.Inventory.Contracts.csproj" />
    <Project Path="src/Modules/Inventory/PlantOps.Modules.Inventory/PlantOps.Modules.Inventory.csproj" />
    <Project Path="src/Modules/WorkOrders/PlantOps.Modules.WorkOrders.Contracts/PlantOps.Modules.WorkOrders.Contracts.csproj" />
    <Project Path="src/Modules/WorkOrders/PlantOps.Modules.WorkOrders/PlantOps.Modules.WorkOrders.csproj" />
  </Folder>
  <Folder Name="/tests/">
    <Project Path="tests/PlantOps.Api.Tests/PlantOps.Api.Tests.csproj" />
    <Project Path="tests/PlantOps.Modules.Assets.Tests/PlantOps.Modules.Assets.Tests.csproj" />
    <Project Path="tests/PlantOps.Modules.Inventory.Tests/PlantOps.Modules.Inventory.Tests.csproj" />
    <Project Path="tests/PlantOps.Modules.WorkOrders.Tests/PlantOps.Modules.WorkOrders.Tests.csproj" />
  </Folder>
</Solution>
